// !$*UTF8*$!
{
	archiveVersion = 1;
	classes = {
	};
	objectVersion = 70;
	objects = {

/* Begin PBXBuildFile section */
		06FE0F2A2F54C3B60081C59B /* WidgetKit.framework in Frameworks */ = {isa = PBXBuildFile; fileRef = 06FE0F292F54C3B60081C59B /* WidgetKit.framework */; };
		06FE0F2C2F54C3B60081C59B /* SwiftUI.framework in Frameworks */ = {isa = PBXBuildFile; fileRef = 06FE0F2B2F54C3B60081C59B /* SwiftUI.framework */; };
		06FE0F3B2F54C3B90081C59B /* SpicyFocusWeidgetExtension.appex in Embed Foundation Extensions */ = {isa = PBXBuildFile; fileRef = 06FE0F272F54C3B60081C59B /* SpicyFocusWeidgetExtension.appex */; settings = {ATTRIBUTES = (RemoveHeadersOnCopy, ); }; };
		06FE0F442F54C5FD0081C59B /* FocusTimerActivity.swift in Sources */ = {isa = PBXBuildFile; fileRef = A20000041 /* FocusTimerActivity.swift */; };
		A10000001 /* DeepworkApp.swift in Sources */ = {isa = PBXBuildFile; fileRef = A20000001 /* DeepworkApp.swift */; };
		A10000002 /* ContentView.swift in Sources */ = {isa = PBXBuildFile; fileRef = A20000002 /* ContentView.swift */; };
		A10000003 /* Assets.xcassets in Resources */ = {isa = PBXBuildFile; fileRef = A20000003 /* Assets.xcassets */; };
		A10000004 /* FocusSession.swift in Sources */ = {isa = PBXBuildFile; fileRef = A20000004 /* FocusSession.swift */; };
		A10000005 /* UserSettings.swift in Sources */ = {isa = PBXBuildFile; fileRef = A20000005 /* UserSettings.swift */; };
		A10000006 /* Constants.swift in Sources */ = {isa = PBXBuildFile; fileRef = A20000006 /* Constants.swift */; };
		A10000007 /* TimeFormatters.swift in Sources */ = {isa = PBXBuildFile; fileRef = A20000007 /* TimeFormatters.swift */; };
		A10000008 /* TimerService.swift in Sources */ = {isa = PBXBuildFile; fileRef = A20000008 /* TimerService.swift */; };
		A10000009 /* NotificationService.swift in Sources */ = {isa = PBXBuildFile; fileRef = A20000009 /* NotificationService.swift */; };
		A10000010 /* SoundService.swift in Sources */ = {isa = PBXBuildFile; fileRef = A20000010 /* SoundService.swift */; };
		A10000011 /* HapticService.swift in Sources */ = {isa = PBXBuildFile; fileRef = A20000011 /* HapticService.swift */; };
		A10000012 /* StatsService.swift in Sources */ = {isa = PBXBuildFile; fileRef = A20000012 /* StatsService.swift */; };
		A10000013 /* TimerView.swift in Sources */ = {isa = PBXBuildFile; fileRef = A20000013 /* TimerView.swift */; };
		A10000014 /* TimerRing.swift in Sources */ = {isa = PBXBuildFile; fileRef = A20000014 /* TimerRing.swift */; };
		A10000015 /* TimerControls.swift in Sources */ = {isa = PBXBuildFile; fileRef = A20000015 /* TimerControls.swift */; };
		A10000016 /* QuickDurationPicker.swift in Sources */ = {isa = PBXBuildFile; fileRef = A20000016 /* QuickDurationPicker.swift */; };
		A10000017 /* SessionCompleteSheet.swift in Sources */ = {isa = PBXBuildFile; fileRef = A20000017 /* SessionCompleteSheet.swift */; };
		A10000018 /* HistoryView.swift in Sources */ = {isa = PBXBuildFile; fileRef = A20000018 /* HistoryView.swift */; };
		A10000019 /* WeekSummaryCard.swift in Sources */ = {isa = PBXBuildFile; fileRef = A20000019 /* WeekSummaryCard.swift */; };
		A10000020 /* SessionRowView.swift in Sources */ = {isa = PBXBuildFile; fileRef = A20000020 /* SessionRowView.swift */; };
		A10000021 /* SessionDetailSheet.swift in Sources */ = {isa = PBXBuildFile; fileRef = A20000021 /* SessionDetailSheet.swift */; };
		A10000022 /* SettingsView.swift in Sources */ = {isa = PBXBuildFile; fileRef = A20000022 /* SettingsView.swift */; };
		A10000023 /* DurationPicker.swift in Sources */ = {isa = PBXBuildFile; fileRef = A20000023 /* DurationPicker.swift */; };
		A10000024 /* LabelsEditor.swift in Sources */ = {isa = PBXBuildFile; fileRef = A20000024 /* LabelsEditor.swift */; };
		A10000025 /* StreakService.swift in Sources */ = {isa = PBXBuildFile; fileRef = A20000025 /* StreakService.swift */; };
		A10000026 /* StoreService.swift in Sources */ = {isa = PBXBuildFile; fileRef = A20000026 /* StoreService.swift */; };
		A10000027 /* StreakBadge.swift in Sources */ = {isa = PBXBuildFile; fileRef = A20000027 /* StreakBadge.swift */; };
		A10000028 /* PomodoroControls.swift in Sources */ = {isa = PBXBuildFile; fileRef = A20000028 /* PomodoroControls.swift */; };
		A10000029 /* GoalProgressView.swift in Sources */ = {isa = PBXBuildFile; fileRef = A20000029 /* GoalProgressView.swift */; };
		A10000030 /* StreakCalendarView.swift in Sources */ = {isa = PBXBuildFile; fileRef = A20000030 /* StreakCalendarView.swift */; };
		A10000031 /* InsightsView.swift in Sources */ = {isa = PBXBuildFile; fileRef = A20000031 /* InsightsView.swift */; };
		A10000032 /* HeatmapView.swift in Sources */ = {isa = PBXBuildFile; fileRef = A20000032 /* HeatmapView.swift */; };
		A10000033 /* CategoryBreakdown.swift in Sources */ = {isa = PBXBuildFile; fileRef = A20000033 /* CategoryBreakdown.swift */; };
		A10000034 /* ProUpgradeView.swift in Sources */ = {isa = PBXBuildFile; fileRef = A20000034 /* ProUpgradeView.swift */; };
		A10000035 /* PomodoroSettings.swift in Sources */ = {isa = PBXBuildFile; fileRef = A20000035 /* PomodoroSettings.swift */; };
		A10000036 /* OnboardingView.swift in Sources */ = {isa = PBXBuildFile; fileRef = A20000036 /* OnboardingView.swift */; };
		A10000037 /* ProUpsellSheet.swift in Sources */ = {isa = PBXBuildFile; fileRef = A20000037 /* ProUpsellSheet.swift */; };
		A10000038 /* WidgetService.swift in Sources */ = {isa = PBXBuildFile; fileRef = A20000038 /* WidgetService.swift */; };
		A10000039 /* IconPreview.swift in Sources */ = {isa = PBXBuildFile; fileRef = A20000039 /* IconPreview.swift */; };
		A10000040 /* SoundscapeService.swift in Sources */ = {isa = PBXBuildFile; fileRef = A20000040 /* SoundscapeService.swift */; };
		A10000041 /* FocusTimerActivity.swift in Sources */ = {isa = PBXBuildFile; fileRef = A20000041 /* FocusTimerActivity.swift */; };
		A10000042 /* white_noise.m4a in Resources */ = {isa = PBXBuildFile; fileRef = A20000042 /* white_noise.m4a */; };
		A10000043 /* brown_noise.m4a in Resources */ = {isa = PBXBuildFile; fileRef = A20000043 /* brown_noise.m4a */; };
		A10000044 /* rain.m4a in Resources */ = {isa = PBXBuildFile; fileRef = A20000044 /* rain.m4a */; };
		A10000045 /* lofi.m4a in Resources */ = {isa = PBXBuildFile; fileRef = A20000045 /* lofi.m4a */; };
		A10000046 /* ScienceView.swift in Sources */ = {isa = PBXBuildFile; fileRef = A20000046 /* ScienceView.swift */; };
		A10000047 /* XPService.swift in Sources */ = {isa = PBXBuildFile; fileRef = A20000047 /* XPService.swift */; };
		A10000048 /* ConfettiView.swift in Sources */ = {isa = PBXBuildFile; fileRef = A20000048 /* ConfettiView.swift */; };
		A10000049 /* EnergyCheckInSheet.swift in Sources */ = {isa = PBXBuildFile; fileRef = A20000049 /* EnergyCheckInSheet.swift */; };
		A10000050 /* EnergyCorrelationChart.swift in Sources */ = {isa = PBXBuildFile; fileRef = A20000050 /* EnergyCorrelationChart.swift */; };
		A10000051 /* MicroCommitmentCompleteSheet.swift in Sources */ = {isa = PBXBuildFile; fileRef = A20000051 /* MicroCommitmentCompleteSheet.swift */; };
		A10000052 /* HyperfocusNudgeOverlay.swift in Sources */ = {isa = PBXBuildFile; fileRef = A20000052 /* HyperfocusNudgeOverlay.swift */; };
		A10000053 /* StreakMilestoneSheet.swift in Sources */ = {isa = PBXBuildFile; fileRef = A20000053 /* StreakMilestoneSheet.swift */; };
		A10000054 /* RecommendationService.swift in Sources */ = {isa = PBXBuildFile; fileRef = A20000054 /* RecommendationService.swift */; };
/* End PBXBuildFile section */

/* Begin PBXContainerItemProxy section */
		06FE0F392F54C3B90081C59B /* PBXContainerItemProxy */ = {
			isa = PBXContainerItemProxy;
			containerPortal = A90000001 /* Project object */;
			proxyType = 1;
			remoteGlobalIDString = 06FE0F262F54C3B60081C59B;
			remoteInfo = SpicyFocusWeidgetExtension;
		};
/* End PBXContainerItemProxy section */

/* Begin PBXCopyFilesBuildPhase section */
		06FE0F3C2F54C3B90081C59B /* Embed Foundation Extensions */ = {
			isa = PBXCopyFilesBuildPhase;
			buildActionMask = 2147483647;
			dstPath = "";
			dstSubfolderSpec = 13;
			files = (
				06FE0F3B2F54C3B90081C59B /* SpicyFocusWeidgetExtension.appex in Embed Foundation Extensions */,
			);
			name = "Embed Foundation Extensions";
			runOnlyForDeploymentPostprocessing = 0;
		};
/* End PBXCopyFilesBuildPhase section */

/* Begin PBXFileReference section */
		06FE0F272F54C3B60081C59B /* SpicyFocusWeidgetExtension.appex */ = {isa = PBXFileReference; explicitFileType = "wrapper.app-extension"; includeInIndex = 0; path = SpicyFocusWeidgetExtension.appex; sourceTree = BUILT_PRODUCTS_DIR; };
		06FE0F292F54C3B60081C59B /* WidgetKit.framework */ = {isa = PBXFileReference; lastKnownFileType = wrapper.framework; name = WidgetKit.framework; path = System/Library/Frameworks/WidgetKit.framework; sourceTree = SDKROOT; };
		06FE0F2B2F54C3B60081C59B /* SwiftUI.framework */ = {isa = PBXFileReference; lastKnownFileType = wrapper.framework; name = SwiftUI.framework; path = System/Library/Frameworks/SwiftUI.framework; sourceTree = SDKROOT; };
		A20000001 /* DeepworkApp.swift */ = {isa = PBXFileReference; lastKnownFileType = sourcecode.swift; path = DeepworkApp.swift; sourceTree = "<group>"; };
		A20000002 /* ContentView.swift */ = {isa = PBXFileReference; lastKnownFileType = sourcecode.swift; path = ContentView.swift; sourceTree = "<group>"; };
		A20000003 /* Assets.xcassets */ = {isa = PBXFileReference; lastKnownFileType = folder.assetcatalog; path = Assets.xcassets; sourceTree = "<group>"; };
		A20000004 /* FocusSession.swift */ = {isa = PBXFileReference; lastKnownFileType = sourcecode.swift; path = FocusSession.swift; sourceTree = "<group>"; };
		A20000005 /* UserSettings.swift */ = {isa = PBXFileReference; lastKnownFileType = sourcecode.swift; path = UserSettings.swift; sourceTree = "<group>"; };
		A20000006 /* Constants.swift */ = {isa = PBXFileReference; lastKnownFileType = sourcecode.swift; path = Constants.swift; sourceTree = "<group>"; };
		A20000007 /* TimeFormatters.swift */ = {isa = PBXFileReference; lastKnownFileType = sourcecode.swift; path = TimeFormatters.swift; sourceTree = "<group>"; };
		A20000008 /* TimerService.swift */ = {isa = PBXFileReference; lastKnownFileType = sourcecode.swift; path = TimerService.swift; sourceTree = "<group>"; };
		A20000009 /* NotificationService.swift */ = {isa = PBXFileReference; lastKnownFileType = sourcecode.swift; path = NotificationService.swift; sourceTree = "<group>"; };
		A20000010 /* SoundService.swift */ = {isa = PBXFileReference; lastKnownFileType = sourcecode.swift; path = SoundService.swift; sourceTree = "<group>"; };
		A20000011 /* HapticService.swift */ = {isa = PBXFileReference; lastKnownFileType = sourcecode.swift; path = HapticService.swift; sourceTree = "<group>"; };
		A20000012 /* StatsService.swift */ = {isa = PBXFileReference; lastKnownFileType = sourcecode.swift; path = StatsService.swift; sourceTree = "<group>"; };
		A20000013 /* TimerView.swift */ = {isa = PBXFileReference; lastKnownFileType = sourcecode.swift; path = TimerView.swift; sourceTree = "<group>"; };
		A20000014 /* TimerRing.swift */ = {isa = PBXFileReference; lastKnownFileType = sourcecode.swift; path = TimerRing.swift; sourceTree = "<group>"; };
		A20000015 /* TimerControls.swift */ = {isa = PBXFileReference; lastKnownFileType = sourcecode.swift; path = TimerControls.swift; sourceTree = "<group>"; };
		A20000016 /* QuickDurationPicker.swift */ = {isa = PBXFileReference; lastKnownFileType = sourcecode.swift; path = QuickDurationPicker.swift; sourceTree = "<group>"; };
		A20000017 /* SessionCompleteSheet.swift */ = {isa = PBXFileReference; lastKnownFileType = sourcecode.swift; path = SessionCompleteSheet.swift; sourceTree = "<group>"; };
		A20000018 /* HistoryView.swift */ = {isa = PBXFileReference; lastKnownFileType = sourcecode.swift; path = HistoryView.swift; sourceTree = "<group>"; };
		A20000019 /* WeekSummaryCard.swift */ = {isa = PBXFileReference; lastKnownFileType = sourcecode.swift; path = WeekSummaryCard.swift; sourceTree = "<group>"; };
		A20000020 /* SessionRowView.swift */ = {isa = PBXFileReference; lastKnownFileType = sourcecode.swift; path = SessionRowView.swift; sourceTree = "<group>"; };
		A20000021 /* SessionDetailSheet.swift */ = {isa = PBXFileReference; lastKnownFileType = sourcecode.swift; path = SessionDetailSheet.swift; sourceTree = "<group>"; };
		A20000022 /* SettingsView.swift */ = {isa = PBXFileReference; lastKnownFileType = sourcecode.swift; path = SettingsView.swift; sourceTree = "<group>"; };
		A20000023 /* DurationPicker.swift */ = {isa = PBXFileReference; lastKnownFileType = sourcecode.swift; path = DurationPicker.swift; sourceTree = "<group>"; };
		A20000024 /* LabelsEditor.swift */ = {isa = PBXFileReference; lastKnownFileType = sourcecode.swift; path = LabelsEditor.swift; sourceTree = "<group>"; };
		A20000025 /* StreakService.swift */ = {isa = PBXFileReference; lastKnownFileType = sourcecode.swift; path = StreakService.swift; sourceTree = "<group>"; };
		A20000026 /* StoreService.swift */ = {isa = PBXFileReference; lastKnownFileType = sourcecode.swift; path = StoreService.swift; sourceTree = "<group>"; };
		A20000027 /* StreakBadge.swift */ = {isa = PBXFileReference; lastKnownFileType = sourcecode.swift; path = StreakBadge.swift; sourceTree = "<group>"; };
		A20000028 /* PomodoroControls.swift */ = {isa = PBXFileReference; lastKnownFileType = sourcecode.swift; path = PomodoroControls.swift; sourceTree = "<group>"; };
		A20000029 /* GoalProgressView.swift */ = {isa = PBXFileReference; lastKnownFileType = sourcecode.swift; path = GoalProgressView.swift; sourceTree = "<group>"; };
		A20000030 /* StreakCalendarView.swift */ = {isa = PBXFileReference; lastKnownFileType = sourcecode.swift; path = StreakCalendarView.swift; sourceTree = "<group>"; };
		A20000031 /* InsightsView.swift */ = {isa = PBXFileReference; lastKnownFileType = sourcecode.swift; path = InsightsView.swift; sourceTree = "<group>"; };
		A20000032 /* HeatmapView.swift */ = {isa = PBXFileReference; lastKnownFileType = sourcecode.swift; path = HeatmapView.swift; sourceTree = "<group>"; };
		A20000033 /* CategoryBreakdown.swift */ = {isa = PBXFileReference; lastKnownFileType = sourcecode.swift; path = CategoryBreakdown.swift; sourceTree = "<group>"; };
		A20000034 /* ProUpgradeView.swift */ = {isa = PBXFileReference; lastKnownFileType = sourcecode.swift; path = ProUpgradeView.swift; sourceTree = "<group>"; };
		A20000035 /* PomodoroSettings.swift */ = {isa = PBXFileReference; lastKnownFileType = sourcecode.swift; path = PomodoroSettings.swift; sourceTree = "<group>"; };
		A20000036 /* OnboardingView.swift */ = {isa = PBXFileReference; lastKnownFileType = sourcecode.swift; path = OnboardingView.swift; sourceTree = "<group>"; };
		A20000037 /* ProUpsellSheet.swift */ = {isa = PBXFileReference; lastKnownFileType = sourcecode.swift; path = ProUpsellSheet.swift; sourceTree = "<group>"; };
		A20000038 /* WidgetService.swift */ = {isa = PBXFileReference; lastKnownFileType = sourcecode.swift; path = WidgetService.swift; sourceTree = "<group>"; };
		A20000039 /* IconPreview.swift */ = {isa = PBXFileReference; lastKnownFileType = sourcecode.swift; path = IconPreview.swift; sourceTree = "<group>"; };
		A20000040 /* SoundscapeService.swift */ = {isa = PBXFileReference; lastKnownFileType = sourcecode.swift; path = SoundscapeService.swift; sourceTree = "<group>"; };
		A20000041 /* FocusTimerActivity.swift */ = {isa = PBXFileReference; lastKnownFileType = sourcecode.swift; path = FocusTimerActivity.swift; sourceTree = "<group>"; };
		A20000042 /* white_noise.m4a */ = {isa = PBXFileReference; lastKnownFileType = audio.m4a; path = white_noise.m4a; sourceTree = "<group>"; };
		A20000043 /* brown_noise.m4a */ = {isa = PBXFileReference; lastKnownFileType = audio.m4a; path = brown_noise.m4a; sourceTree = "<group>"; };
		A20000044 /* rain.m4a */ = {isa = PBXFileReference; lastKnownFileType = audio.m4a; path = rain.m4a; sourceTree = "<group>"; };
		A20000045 /* lofi.m4a */ = {isa = PBXFileReference; lastKnownFileType = audio.m4a; path = lofi.m4a; sourceTree = "<group>"; };
		A20000046 /* ScienceView.swift */ = {isa = PBXFileReference; lastKnownFileType = sourcecode.swift; path = ScienceView.swift; sourceTree = "<group>"; };
		A20000047 /* XPService.swift */ = {isa = PBXFileReference; lastKnownFileType = sourcecode.swift; path = XPService.swift; sourceTree = "<group>"; };
		A20000048 /* ConfettiView.swift */ = {isa = PBXFileReference; lastKnownFileType = sourcecode.swift; path = ConfettiView.swift; sourceTree = "<group>"; };
		A20000049 /* EnergyCheckInSheet.swift */ = {isa = PBXFileReference; lastKnownFileType = sourcecode.swift; path = EnergyCheckInSheet.swift; sourceTree = "<group>"; };
		A20000050 /* EnergyCorrelationChart.swift */ = {isa = PBXFileReference; lastKnownFileType = sourcecode.swift; path = EnergyCorrelationChart.swift; sourceTree = "<group>"; };
		A20000051 /* MicroCommitmentCompleteSheet.swift */ = {isa = PBXFileReference; lastKnownFileType = sourcecode.swift; path = MicroCommitmentCompleteSheet.swift; sourceTree = "<group>"; };
		A20000052 /* HyperfocusNudgeOverlay.swift */ = {isa = PBXFileReference; lastKnownFileType = sourcecode.swift; path = HyperfocusNudgeOverlay.swift; sourceTree = "<group>"; };
		A20000053 /* StreakMilestoneSheet.swift */ = {isa = PBXFileReference; lastKnownFileType = sourcecode.swift; path = StreakMilestoneSheet.swift; sourceTree = "<group>"; };
		A20000054 /* RecommendationService.swift */ = {isa = PBXFileReference; lastKnownFileType = sourcecode.swift; path = RecommendationService.swift; sourceTree = "<group>"; };
		A30000001 /* Deepwork.app */ = {isa = PBXFileReference; explicitFileType = wrapper.application; includeInIndex = 0; path = Deepwork.app; sourceTree = BUILT_PRODUCTS_DIR; };
/* End PBXFileReference section */

/* Begin PBXFileSystemSynchronizedBuildFileExceptionSet section */
		06FE0F3F2F54C3B90081C59B /* PBXFileSystemSynchronizedBuildFileExceptionSet */ = {
			isa = PBXFileSystemSynchronizedBuildFileExceptionSet;
			membershipExceptions = (
				Info.plist,
			);
			target = 06FE0F262F54C3B60081C59B /* SpicyFocusWeidgetExtension */;
		};
/* End PBXFileSystemSynchronizedBuildFileExceptionSet section */

/* Begin PBXFileSystemSynchronizedRootGroup section */
		06FE0F2D2F54C3B60081C59B /* SpicyFocusWeidget */ = {isa = PBXFileSystemSynchronizedRootGroup; exceptions = (06FE0F3F2F54C3B90081C59B /* PBXFileSystemSynchronizedBuildFileExceptionSet */, ); explicitFileTypes = {}; explicitFolders = (); path = SpicyFocusWeidget; sourceTree = "<group>"; };
/* End PBXFileSystemSynchronizedRootGroup section */

/* Begin PBXFrameworksBuildPhase section */
		06FE0F242F54C3B60081C59B /* Frameworks */ = {
			isa = PBXFrameworksBuildPhase;
			buildActionMask = 2147483647;
			files = (
				06FE0F2C2F54C3B60081C59B /* SwiftUI.framework in Frameworks */,
				06FE0F2A2F54C3B60081C59B /* WidgetKit.framework in Frameworks */,
			);
			runOnlyForDeploymentPostprocessing = 0;
		};
		A40000001 /* Frameworks */ = {
			isa = PBXFrameworksBuildPhase;
			buildActionMask = 2147483647;
			files = (
			);
			runOnlyForDeploymentPostprocessing = 0;
		};
/* End PBXFrameworksBuildPhase section */

/* Begin PBXGroup section */
		06FE0F282F54C3B60081C59B /* Frameworks */ = {
			isa = PBXGroup;
			children = (
				06FE0F292F54C3B60081C59B /* WidgetKit.framework */,
				06FE0F2B2F54C3B60081C59B /* SwiftUI.framework */,
			);
			name = Frameworks;
			sourceTree = "<group>";
		};
		A50000001 = {
			isa = PBXGroup;
			children = (
				A50000002 /* Deepwork */,
				06FE0F2D2F54C3B60081C59B /* SpicyFocusWeidget */,
				06FE0F282F54C3B60081C59B /* Frameworks */,
				A50000010 /* Products */,
			);
			sourceTree = "<group>";
		};
		A50000002 /* Deepwork */ = {
			isa = PBXGroup;
			children = (
				A20000001 /* DeepworkApp.swift */,
				A20000002 /* ContentView.swift */,
				A20000039 /* IconPreview.swift */,
				A20000003 /* Assets.xcassets */,
				A50000003 /* Models */,
				A50000004 /* Services */,
				A50000005 /* Views */,
				A50000009 /* Utilities */,
				A50000013 /* Sounds */,
			);
			path = Deepwork;
			sourceTree = "<group>";
		};
		A50000003 /* Models */ = {
			isa = PBXGroup;
			children = (
				A20000004 /* FocusSession.swift */,
				A20000005 /* UserSettings.swift */,
				A20000041 /* FocusTimerActivity.swift */,
			);
			path = Models;
			sourceTree = "<group>";
		};
		A50000004 /* Services */ = {
			isa = PBXGroup;
			children = (
				A20000008 /* TimerService.swift */,
				A20000009 /* NotificationService.swift */,
				A20000010 /* SoundService.swift */,
				A20000011 /* HapticService.swift */,
				A20000012 /* StatsService.swift */,
				A20000025 /* StreakService.swift */,
				A20000026 /* StoreService.swift */,
				A20000038 /* WidgetService.swift */,
				A20000040 /* SoundscapeService.swift */,
				A20000047 /* XPService.swift */,
				A20000054 /* RecommendationService.swift */,
			);
			path = Services;
			sourceTree = "<group>";
		};
		A50000005 /* Views */ = {
			isa = PBXGroup;
			children = (
				A50000006 /* Timer */,
				A50000007 /* History */,
				A50000008 /* Settings */,
				A50000011 /* Insights */,
				A50000012 /* Onboarding */,
			);
			path = Views;
			sourceTree = "<group>";
		};
		A50000006 /* Timer */ = {
			isa = PBXGroup;
			children = (
				A20000013 /* TimerView.swift */,
				A20000014 /* TimerRing.swift */,
				A20000015 /* TimerControls.swift */,
				A20000016 /* QuickDurationPicker.swift */,
				A20000017 /* SessionCompleteSheet.swift */,
				A20000027 /* StreakBadge.swift */,
				A20000028 /* PomodoroControls.swift */,
				A20000048 /* ConfettiView.swift */,
				A20000049 /* EnergyCheckInSheet.swift */,
				A20000051 /* MicroCommitmentCompleteSheet.swift */,
				A20000052 /* HyperfocusNudgeOverlay.swift */,
				A20000053 /* StreakMilestoneSheet.swift */,
			);
			path = Timer;
			sourceTree = "<group>";
		};
		A50000007 /* History */ = {
			isa = PBXGroup;
			children = (
				A20000018 /* HistoryView.swift */,
				A20000019 /* WeekSummaryCard.swift */,
				A20000020 /* SessionRowView.swift */,
				A20000021 /* SessionDetailSheet.swift */,
			);
			path = History;
			sourceTree = "<group>";
		};
		A50000008 /* Settings */ = {
			isa = PBXGroup;
			children = (
				A20000022 /* SettingsView.swift */,
				A20000023 /* DurationPicker.swift */,
				A20000024 /* LabelsEditor.swift */,
				A20000034 /* ProUpgradeView.swift */,
				A20000035 /* PomodoroSettings.swift */,
				A20000037 /* ProUpsellSheet.swift */,
				A20000046 /* ScienceView.swift */,
			);
			path = Settings;
			sourceTree = "<group>";
		};
		A50000009 /* Utilities */ = {
			isa = PBXGroup;
			children = (
				A20000006 /* Constants.swift */,
				A20000007 /* TimeFormatters.swift */,
			);
			path = Utilities;
			sourceTree = "<group>";
		};
		A50000010 /* Products */ = {
			isa = PBXGroup;
			children = (
				A30000001 /* Deepwork.app */,
				06FE0F272F54C3B60081C59B /* SpicyFocusWeidgetExtension.appex */,
			);
			name = Products;
			sourceTree = "<group>";
		};
		A50000011 /* Insights */ = {
			isa = PBXGroup;
			children = (
				A20000029 /* GoalProgressView.swift */,
				A20000030 /* StreakCalendarView.swift */,
				A20000031 /* InsightsView.swift */,
				A20000032 /* HeatmapView.swift */,
				A20000033 /* CategoryBreakdown.swift */,
				A20000050 /* EnergyCorrelationChart.swift */,
			);
			path = Insights;
			sourceTree = "<group>";
		};
		A50000012 /* Onboarding */ = {
			isa = PBXGroup;
			children = (
				A20000036 /* OnboardingView.swift */,
			);
			path = Onboarding;
			sourceTree = "<group>";
		};
		A50000013 /* Sounds */ = {
			isa = PBXGroup;
			children = (
				A20000042 /* white_noise.m4a */,
				A20000043 /* brown_noise.m4a */,
				A20000044 /* rain.m4a */,
				A20000045 /* lofi.m4a */,
			);
			path = Sounds;
			sourceTree = "<group>";
		};
/* End PBXGroup section */

/* Begin PBXNativeTarget section */
		06FE0F262F54C3B60081C59B /* SpicyFocusWeidgetExtension */ = {
			isa = PBXNativeTarget;
			buildConfigurationList = 06FE0F402F54C3B90081C59B /* Build configuration list for PBXNativeTarget "SpicyFocusWeidgetExtension" */;
			buildPhases = (
				06FE0F232F54C3B60081C59B /* Sources */,
				06FE0F242F54C3B60081C59B /* Frameworks */,
				06FE0F252F54C3B60081C59B /* Resources */,
			);
			buildRules = (
			);
			dependencies = (
			);
			fileSystemSynchronizedGroups = (
				06FE0F2D2F54C3B60081C59B /* SpicyFocusWeidget */,
			);
			name = SpicyFocusWeidgetExtension;
			packageProductDependencies = (
			);
			productName = SpicyFocusWeidgetExtension;
			productReference = 06FE0F272F54C3B60081C59B /* SpicyFocusWeidgetExtension.appex */;
			productType = "com.apple.product-type.app-extension";
		};
		A60000001 /* Deepwork */ = {
			isa = PBXNativeTarget;
			buildConfigurationList = A80000003 /* Build configuration list for PBXNativeTarget "Deepwork" */;
			buildPhases = (
				A70000001 /* Sources */,
				A40000001 /* Frameworks */,
				A70000002 /* Resources */,
				06FE0F3C2F54C3B90081C59B /* Embed Foundation Extensions */,
			);
			buildRules = (
			);
			dependencies = (
				06FE0F3A2F54C3B90081C59B /* PBXTargetDependency */,
			);
			name = Deepwork;
			productName = Deepwork;
			productReference = A30000001 /* Deepwork.app */;
			productType = "com.apple.product-type.application";
		};
/* End PBXNativeTarget section */

/* Begin PBXProject section */
		A90000001 /* Project object */ = {
			isa = PBXProject;
			attributes = {
				BuildIndependentTargetsInParallel = 1;
				LastSwiftUpdateCheck = 2620;
				LastUpgradeCheck = 1500;
				TargetAttributes = {
					06FE0F262F54C3B60081C59B = {
						CreatedOnToolsVersion = 26.2;
						LastSwiftMigration = 2620;
					};
					A60000001 = {
						CreatedOnToolsVersion = 15.0;
					};
				};
			};
			buildConfigurationList = A80000001 /* Build configuration list for PBXProject "Deepwork" */;
			compatibilityVersion = "Xcode 14.0";
			developmentRegion = en;
			hasScannedForEncodings = 0;
			knownRegions = (
				en,
				Base,
			);
			mainGroup = A50000001;
			productRefGroup = A50000010 /* Products */;
			projectDirPath = "";
			projectRoot = "";
			targets = (
				A60000001 /* Deepwork */,
				06FE0F262F54C3B60081C59B /* SpicyFocusWeidgetExtension */,
			);
		};
/* End PBXProject section */

/* Begin PBXResourcesBuildPhase section */
		06FE0F252F54C3B60081C59B /* Resources */ = {
			isa = PBXResourcesBuildPhase;
			buildActionMask = 2147483647;
			files = (
			);
			runOnlyForDeploymentPostprocessing = 0;
		};
		A70000002 /* Resources */ = {
			isa = PBXResourcesBuildPhase;
			buildActionMask = 2147483647;
			files = (
				A10000003 /* Assets.xcassets in Resources */,
				A10000042 /* white_noise.m4a in Resources */,
				A10000043 /* brown_noise.m4a in Resources */,
				A10000044 /* rain.m4a in Resources */,
				A10000045 /* lofi.m4a in Resources */,
			);
			runOnlyForDeploymentPostprocessing = 0;
		};
/* End PBXResourcesBuildPhase section */

/* Begin PBXSourcesBuildPhase section */
		06FE0F232F54C3B60081C59B /* Sources */ = {
			isa = PBXSourcesBuildPhase;
			buildActionMask = 2147483647;
			files = (
				06FE0F442F54C5FD0081C59B /* FocusTimerActivity.swift in Sources */,
			);
			runOnlyForDeploymentPostprocessing = 0;
		};
		A70000001 /* Sources */ = {
			isa = PBXSourcesBuildPhase;
			buildActionMask = 2147483647;
			files = (
				A10000001 /* DeepworkApp.swift in Sources */,
				A10000002 /* ContentView.swift in Sources */,
				A10000004 /* FocusSession.swift in Sources */,
				A10000005 /* UserSettings.swift in Sources */,
				A10000006 /* Constants.swift in Sources */,
				A10000007 /* TimeFormatters.swift in Sources */,
				A10000008 /* TimerService.swift in Sources */,
				A10000009 /* NotificationService.swift in Sources */,
				A10000010 /* SoundService.swift in Sources */,
				A10000011 /* HapticService.swift in Sources */,
				A10000012 /* StatsService.swift in Sources */,
				A10000013 /* TimerView.swift in Sources */,
				A10000014 /* TimerRing.swift in Sources */,
				A10000015 /* TimerControls.swift in Sources */,
				A10000016 /* QuickDurationPicker.swift in Sources */,
				A10000017 /* SessionCompleteSheet.swift in Sources */,
				A10000018 /* HistoryView.swift in Sources */,
				A10000019 /* WeekSummaryCard.swift in Sources */,
				A10000020 /* SessionRowView.swift in Sources */,
				A10000021 /* SessionDetailSheet.swift in Sources */,
				A10000022 /* SettingsView.swift in Sources */,
				A10000023 /* DurationPicker.swift in Sources */,
				A10000024 /* LabelsEditor.swift in Sources */,
				A10000025 /* StreakService.swift in Sources */,
				A10000026 /* StoreService.swift in Sources */,
				A10000027 /* StreakBadge.swift in Sources */,
				A10000028 /* PomodoroControls.swift in Sources */,
				A10000029 /* GoalProgressView.swift in Sources */,
				A10000030 /* StreakCalendarView.swift in Sources */,
				A10000031 /* InsightsView.swift in Sources */,
				A10000032 /* HeatmapView.swift in Sources */,
				A10000033 /* CategoryBreakdown.swift in Sources */,
				A10000034 /* ProUpgradeView.swift in Sources */,
				A10000035 /* PomodoroSettings.swift in Sources */,
				A10000036 /* OnboardingView.swift in Sources */,
				A10000037 /* ProUpsellSheet.swift in Sources */,
				A10000038 /* WidgetService.swift in Sources */,
				A10000039 /* IconPreview.swift in Sources */,
				A10000040 /* SoundscapeService.swift in Sources */,
				A10000041 /* FocusTimerActivity.swift in Sources */,
				A10000046 /* ScienceView.swift in Sources */,
				A10000047 /* XPService.swift in Sources */,
				A10000048 /* ConfettiView.swift in Sources */,
				A10000049 /* EnergyCheckInSheet.swift in Sources */,
				A10000050 /* EnergyCorrelationChart.swift in Sources */,
				A10000051 /* MicroCommitmentCompleteSheet.swift in Sources */,
				A10000052 /* HyperfocusNudgeOverlay.swift in Sources */,
				A10000053 /* StreakMilestoneSheet.swift in Sources */,
				A10000054 /* RecommendationService.swift in Sources */,
			);
			runOnlyForDeploymentPostprocessing = 0;
		};
/* End PBXSourcesBuildPhase section */

/* Begin PBXTargetDependency section */
		06FE0F3A2F54C3B90081C59B /* PBXTargetDependency */ = {
			isa = PBXTargetDependency;
			target = 06FE0F262F54C3B60081C59B /* SpicyFocusWeidgetExtension */;
			targetProxy = 06FE0F392F54C3B90081C59B /* PBXContainerItemProxy */;
		};
/* End PBXTargetDependency section */

/* Begin XCBuildConfiguration section */
		06FE0F3D2F54C3B90081C59B /* Debug */ = {
			isa = XCBuildConfiguration;
			buildSettings = {
				ASSETCATALOG_COMPILER_GLOBAL_ACCENT_COLOR_NAME = AccentColor;
				ASSETCATALOG_COMPILER_WIDGET_BACKGROUND_COLOR_NAME = WidgetBackground;
				CLANG_ENABLE_MODULES = YES;
				CODE_SIGN_STYLE = Automatic;
				CURRENT_PROJECT_VERSION = 1;
				DEVELOPMENT_TEAM = 8FW9PKL436;
				GENERATE_INFOPLIST_FILE = YES;
				INFOPLIST_FILE = SpicyFocusWeidget/Info.plist;
				INFOPLIST_KEY_CFBundleDisplayName = SpicyFocusWeidget;
				INFOPLIST_KEY_NSHumanReadableCopyright = "";
				IPHONEOS_DEPLOYMENT_TARGET = 26.2;
				LD_RUNPATH_SEARCH_PATHS = (
					"$(inherited)",
					"@executable_path/Frameworks",
					"@executable_path/../../Frameworks",
				);
				MARKETING_VERSION = 1.0;
				PRODUCT_BUNDLE_IDENTIFIER = com.spicyfocus.app.SpicyFocusWeidget;
				PRODUCT_NAME = "$(TARGET_NAME)";
				SKIP_INSTALL = YES;
				STRING_CATALOG_GENERATE_SYMBOLS = YES;
				SWIFT_APPROACHABLE_CONCURRENCY = YES;
				SWIFT_EMIT_LOC_STRINGS = YES;
				SWIFT_OBJC_BRIDGING_HEADER = "SpicyFocusWeidget/SpicyFocusWeidgetExtension-Bridging-Header.h";
				SWIFT_OPTIMIZATION_LEVEL = "-Onone";
				SWIFT_UPCOMING_FEATURE_MEMBER_IMPORT_VISIBILITY = YES;
				SWIFT_VERSION = 5.0;
				TARGETED_DEVICE_FAMILY = "1,2";
			};
			name = Debug;
		};
		06FE0F3E2F54C3B90081C59B /* Release */ = {
			isa = XCBuildConfiguration;
			buildSettings = {
				ASSETCATALOG_COMPILER_GLOBAL_ACCENT_COLOR_NAME = AccentColor;
				ASSETCATALOG_COMPILER_WIDGET_BACKGROUND_COLOR_NAME = WidgetBackground;
				CLANG_ENABLE_MODULES = YES;
				CODE_SIGN_STYLE = Automatic;
				CURRENT_PROJECT_VERSION = 1;
				DEVELOPMENT_TEAM = 8FW9PKL436;
				GENERATE_INFOPLIST_FILE = YES;
				INFOPLIST_FILE = SpicyFocusWeidget/Info.plist;
				INFOPLIST_KEY_CFBundleDisplayName = SpicyFocusWeidget;
				INFOPLIST_KEY_NSHumanReadableCopyright = "";
				IPHONEOS_DEPLOYMENT_TARGET = 26.2;
				LD_RUNPATH_SEARCH_PATHS = (
					"$(inherited)",
					"@executable_path/Frameworks",
					"@executable_path/../../Frameworks",
				);
				MARKETING_VERSION = 1.0;
				PRODUCT_BUNDLE_IDENTIFIER = com.spicyfocus.app.SpicyFocusWeidget;
				PRODUCT_NAME = "$(TARGET_NAME)";
				SKIP_INSTALL = YES;
				STRING_CATALOG_GENERATE_SYMBOLS = YES;
				SWIFT_APPROACHABLE_CONCURRENCY = YES;
				SWIFT_EMIT_LOC_STRINGS = YES;
				SWIFT_OBJC_BRIDGING_HEADER = "SpicyFocusWeidget/SpicyFocusWeidgetExtension-Bridging-Header.h";
				SWIFT_UPCOMING_FEATURE_MEMBER_IMPORT_VISIBILITY = YES;
				SWIFT_VERSION = 5.0;
				TARGETED_DEVICE_FAMILY = "1,2";
			};
			name = Release;
		};
		B10000001 /* Debug */ = {
			isa = XCBuildConfiguration;
			buildSettings = {
				ALWAYS_SEARCH_USER_PATHS = NO;
				ASSETCATALOG_COMPILER_GENERATE_SWIFT_ASSET_SYMBOL_EXTENSIONS = YES;
				CLANG_ANALYZER_NONNULL = YES;
				CLANG_ANALYZER_NUMBER_OBJECT_CONVERSION = YES_AGGRESSIVE;
				CLANG_CXX_LANGUAGE_STANDARD = "gnu++20";
				CLANG_ENABLE_MODULES = YES;
				CLANG_ENABLE_OBJC_ARC = YES;
				CLANG_ENABLE_OBJC_WEAK = YES;
				CLANG_WARN_BLOCK_CAPTURE_AUTORELEASING = YES;
				CLANG_WARN_BOOL_CONVERSION = YES;
				CLANG_WARN_COMMA = YES;
				CLANG_WARN_CONSTANT_CONVERSION = YES;
				CLANG_WARN_DEPRECATED_OBJC_IMPLEMENTATIONS = YES;
				CLANG_WARN_DIRECT_OBJC_ISA_USAGE = YES_ERROR;
				CLANG_WARN_DOCUMENTATION_COMMENTS = YES;
				CLANG_WARN_EMPTY_BODY = YES;
				CLANG_WARN_ENUM_CONVERSION = YES;
				CLANG_WARN_INFINITE_RECURSION = YES;
				CLANG_WARN_INT_CONVERSION = YES;
				CLANG_WARN_NON_LITERAL_NULL_CONVERSION = YES;
				CLANG_WARN_OBJC_IMPLICIT_RETAIN_SELF = YES;
				CLANG_WARN_OBJC_LITERAL_CONVERSION = YES;
				CLANG_WARN_OBJC_ROOT_CLASS = YES_ERROR;
				CLANG_WARN_QUOTED_INCLUDE_IN_FRAMEWORK_HEADER = YES;
				CLANG_WARN_RANGE_LOOP_ANALYSIS = YES;
				CLANG_WARN_STRICT_PROTOTYPES = YES;
				CLANG_WARN_SUSPICIOUS_MOVE = YES;
				CLANG_WARN_UNGUARDED_AVAILABILITY = YES_AGGRESSIVE;
				CLANG_WARN_UNREACHABLE_CODE = YES;
				CLANG_WARN__DUPLICATE_METHOD_MATCH = YES;
				COPY_PHASE_STRIP = NO;
				DEBUG_INFORMATION_FORMAT = dwarf;
				ENABLE_STRICT_OBJC_MSGSEND = YES;
				ENABLE_TESTABILITY = YES;
				ENABLE_USER_SCRIPT_SANDBOXING = YES;
				GCC_C_LANGUAGE_STANDARD = gnu17;
				GCC_DYNAMIC_NO_PIC = NO;
				GCC_NO_COMMON_BLOCKS = YES;
				GCC_OPTIMIZATION_LEVEL = 0;
				GCC_PREPROCESSOR_DEFINITIONS = (
					"DEBUG=1",
					"$(inherited)",
				);
				GCC_WARN_64_TO_32_BIT_CONVERSION = YES;
				GCC_WARN_ABOUT_RETURN_TYPE = YES_ERROR;
				GCC_WARN_UNDECLARED_SELECTOR = YES;
				GCC_WARN_UNINITIALIZED_AUTOS = YES_AGGRESSIVE;
				GCC_WARN_UNUSED_FUNCTION = YES;
				GCC_WARN_UNUSED_VARIABLE = YES;
				IPHONEOS_DEPLOYMENT_TARGET = 17.0;
				LOCALIZATION_PREFERS_STRING_CATALOGS = YES;
				MTL_ENABLE_DEBUG_INFO = INCLUDE_SOURCE;
				MTL_FAST_MATH = YES;
				ONLY_ACTIVE_ARCH = YES;
				SDKROOT = iphoneos;
				SWIFT_ACTIVE_COMPILATION_CONDITIONS = "DEBUG $(inherited)";
				SWIFT_OPTIMIZATION_LEVEL = "-Onone";
			};
			name = Debug;
		};
		B10000002 /* Release */ = {
			isa = XCBuildConfiguration;
			buildSettings = {
				ALWAYS_SEARCH_USER_PATHS = NO;
				ASSETCATALOG_COMPILER_GENERATE_SWIFT_ASSET_SYMBOL_EXTENSIONS = YES;
				CLANG_ANALYZER_NONNULL = YES;
				CLANG_ANALYZER_NUMBER_OBJECT_CONVERSION = YES_AGGRESSIVE;
				CLANG_CXX_LANGUAGE_STANDARD = "gnu++20";
				CLANG_ENABLE_MODULES = YES;
				CLANG_ENABLE_OBJC_ARC = YES;
				CLANG_ENABLE_OBJC_WEAK = YES;
				CLANG_WARN_BLOCK_CAPTURE_AUTORELEASING = YES;
				CLANG_WARN_BOOL_CONVERSION = YES;
				CLANG_WARN_COMMA = YES;
				CLANG_WARN_CONSTANT_CONVERSION = YES;
				CLANG_WARN_DEPRECATED_OBJC_IMPLEMENTATIONS = YES;
				CLANG_WARN_DIRECT_OBJC_ISA_USAGE = YES_ERROR;
				CLANG_WARN_DOCUMENTATION_COMMENTS = YES;
				CLANG_WARN_EMPTY_BODY = YES;
				CLANG_WARN_ENUM_CONVERSION = YES;
				CLANG_WARN_INFINITE_RECURSION = YES;
				CLANG_WARN_INT_CONVERSION = YES;
				CLANG_WARN_NON_LITERAL_NULL_CONVERSION = YES;
				CLANG_WARN_OBJC_IMPLICIT_RETAIN_SELF = YES;
				CLANG_WARN_OBJC_LITERAL_CONVERSION = YES;
				CLANG_WARN_OBJC_ROOT_CLASS = YES_ERROR;
				CLANG_WARN_QUOTED_INCLUDE_IN_FRAMEWORK_HEADER = YES;
				CLANG_WARN_RANGE_LOOP_ANALYSIS = YES;
				CLANG_WARN_STRICT_PROTOTYPES = YES;
				CLANG_WARN_SUSPICIOUS_MOVE = YES;
				CLANG_WARN_UNGUARDED_AVAILABILITY = YES_AGGRESSIVE;
				CLANG_WARN_UNREACHABLE_CODE = YES;
				CLANG_WARN__DUPLICATE_METHOD_MATCH = YES;
				COPY_PHASE_STRIP = NO;
				DEBUG_INFORMATION_FORMAT = "dwarf-with-dsym";
				ENABLE_NS_ASSERTIONS = NO;
				ENABLE_STRICT_OBJC_MSGSEND = YES;
				ENABLE_USER_SCRIPT_SANDBOXING = YES;
				GCC_C_LANGUAGE_STANDARD = gnu17;
				GCC_NO_COMMON_BLOCKS = YES;
				GCC_WARN_64_TO_32_BIT_CONVERSION = YES;
				GCC_WARN_ABOUT_RETURN_TYPE = YES_ERROR;
				GCC_WARN_UNDECLARED_SELECTOR = YES;
				GCC_WARN_UNINITIALIZED_AUTOS = YES_AGGRESSIVE;
				GCC_WARN_UNUSED_FUNCTION = YES;
				GCC_WARN_UNUSED_VARIABLE = YES;
				IPHONEOS_DEPLOYMENT_TARGET = 17.0;
				LOCALIZATION_PREFERS_STRING_CATALOGS = YES;
				MTL_ENABLE_DEBUG_INFO = NO;
				MTL_FAST_MATH = YES;
				SDKROOT = iphoneos;
				SWIFT_COMPILATION_MODE = wholemodule;
				VALIDATE_PRODUCT = YES;
			};
			name = Release;
		};
		B20000001 /* Debug */ = {
			isa = XCBuildConfiguration;
			buildSettings = {
				ASSETCATALOG_COMPILER_APPICON_NAME = AppIcon;
				ASSETCATALOG_COMPILER_GLOBAL_ACCENT_COLOR_NAME = AccentColor;
				CODE_SIGN_STYLE = Automatic;
				CURRENT_PROJECT_VERSION = 1;
				DEVELOPMENT_ASSET_PATHS = "";
				DEVELOPMENT_TEAM = 8FW9PKL436;
				ENABLE_PREVIEWS = YES;
				GENERATE_INFOPLIST_FILE = YES;
				INFOPLIST_KEY_CFBundleDisplayName = "Spicy Focus";
				INFOPLIST_KEY_LSApplicationCategoryType = "public.app-category.productivity";
				INFOPLIST_KEY_NSSupportsLiveActivities = YES;
				INFOPLIST_KEY_UIApplicationSceneManifest_Generation = YES;
				INFOPLIST_KEY_UIApplicationSupportsIndirectInputEvents = YES;
				INFOPLIST_KEY_UIBackgroundModes = audio;
				INFOPLIST_KEY_UILaunchScreen_Generation = YES;
				INFOPLIST_KEY_UISupportedInterfaceOrientations = UIInterfaceOrientationPortrait;
				INFOPLIST_KEY_UISupportedInterfaceOrientations_iPad = "UIInterfaceOrientationLandscapeLeft UIInterfaceOrientationLandscapeRight UIInterfaceOrientationPortrait UIInterfaceOrientationPortraitUpsideDown";
				LD_RUNPATH_SEARCH_PATHS = (
					"$(inherited)",
					"@executable_path/Frameworks",
				);
				MARKETING_VERSION = 1.0.0;
				PRODUCT_BUNDLE_IDENTIFIER = com.spicyfocus.app;
				PRODUCT_NAME = "$(TARGET_NAME)";
				SUPPORTED_PLATFORMS = "iphoneos iphonesimulator";
				SUPPORTS_MACCATALYST = NO;
				SWIFT_EMIT_LOC_STRINGS = YES;
				SWIFT_VERSION = 5.0;
				TARGETED_DEVICE_FAMILY = "1,2";
			};
			name = Debug;
		};
		B20000002 /* Release */ = {
			isa = XCBuildConfiguration;
			buildSettings = {
				ASSETCATALOG_COMPILER_APPICON_NAME = AppIcon;
				ASSETCATALOG_COMPILER_GLOBAL_ACCENT_COLOR_NAME = AccentColor;
				CODE_SIGN_STYLE = Automatic;
				CURRENT_PROJECT_VERSION = 1;
				DEVELOPMENT_ASSET_PATHS = "";
				DEVELOPMENT_TEAM = 8FW9PKL436;
				ENABLE_PREVIEWS = YES;
				GENERATE_INFOPLIST_FILE = YES;
				INFOPLIST_KEY_CFBundleDisplayName = "Spicy Focus";
				INFOPLIST_KEY_LSApplicationCategoryType = "public.app-category.productivity";
				INFOPLIST_KEY_NSSupportsLiveActivities = YES;
				INFOPLIST_KEY_UIApplicationSceneManifest_Generation = YES;
				INFOPLIST_KEY_UIApplicationSupportsIndirectInputEvents = YES;
				INFOPLIST_KEY_UIBackgroundModes = audio;
				INFOPLIST_KEY_UILaunchScreen_Generation = YES;
				INFOPLIST_KEY_UISupportedInterfaceOrientations = UIInterfaceOrientationPortrait;
				INFOPLIST_KEY_UISupportedInterfaceOrientations_iPad = "UIInterfaceOrientationLandscapeLeft UIInterfaceOrientationLandscapeRight UIInterfaceOrientationPortrait UIInterfaceOrientationPortraitUpsideDown";
				LD_RUNPATH_SEARCH_PATHS = (
					"$(inherited)",
					"@executable_path/Frameworks",
				);
				MARKETING_VERSION = 1.0.0;
				PRODUCT_BUNDLE_IDENTIFIER = com.spicyfocus.app;
				PRODUCT_NAME = "$(TARGET_NAME)";
				SUPPORTED_PLATFORMS = "iphoneos iphonesimulator";
				SUPPORTS_MACCATALYST = NO;
				SWIFT_EMIT_LOC_STRINGS = YES;
				SWIFT_VERSION = 5.0;
				TARGETED_DEVICE_FAMILY = "1,2";
			};
			name = Release;
		};
/* End XCBuildConfiguration section */

/* Begin XCConfigurationList section */
		06FE0F402F54C3B90081C59B /* Build configuration list for PBXNativeTarget "SpicyFocusWeidgetExtension" */ = {
			isa = XCConfigurationList;
			buildConfigurations = (
				06FE0F3D2F54C3B90081C59B /* Debug */,
				06FE0F3E2F54C3B90081C59B /* Release */,
			);
			defaultConfigurationIsVisible = 0;
			defaultConfigurationName = Release;
		};
		A80000001 /* Build configuration list for PBXProject "Deepwork" */ = {
			isa = XCConfigurationList;
			buildConfigurations = (
				B10000001 /* Debug */,
				B10000002 /* Release */,
			);
			defaultConfigurationIsVisible = 0;
			defaultConfigurationName = Release;
		};
		A80000003 /* Build configuration list for PBXNativeTarget "Deepwork" */ = {
			isa = XCConfigurationList;
			buildConfigurations = (
				B20000001 /* Debug */,
				B20000002 /* Release */,
			);
			defaultConfigurationIsVisible = 0;
			defaultConfigurationName = Release;
		};
/* End XCConfigurationList section */
	};
	rootObject = A90000001 /* Project object */;
}
